
Microsoft Visual Studio Solution File, Format Version 12.00
# Visual Studio 15
VisualStudioVersion = 15.0.28307.1401
MinimumVisualStudioVersion = 10.0.40219.1
Project("{FAE04EC0-301F-11D3-BF4B-00C04F79EFBC}") = "INMAR_OnlineTest_ConsoleApp", "INMAR_OnlineTest_ConsoleApp\INMAR_OnlineTest_ConsoleApp.csproj", "{0F6D31B7-9D9F-415C-B04F-00567B5F6DF3}"
EndProject
Global
	GlobalSection(SolutionConfigurationPlatforms) = preSolution
		Debug|Any CPU = Debug|Any CPU
		Release|Any CPU = Release|Any CPU
	EndGlobalSection
	GlobalSection(ProjectConfigurationPlatforms) = postSolution
		{0F6D31B7-9D9F-415C-B04F-00567B5F6DF3}.Debug|Any CPU.ActiveCfg = Debug|Any CPU
		{0F6D31B7-9D9F-415C-B04F-00567B5F6DF3}.Debug|Any CPU.Build.0 = Debug|Any CPU
		{0F6D31B7-9D9F-415C-B04F-00567B5F6DF3}.Release|Any CPU.ActiveCfg = Release|Any CPU
		{0F6D31B7-9D9F-415C-B04F-00567B5F6DF3}.Release|Any CPU.Build.0 = Release|Any CPU
	EndGlobalSection
	GlobalSection(SolutionProperties) = preSolution
		HideSolutionNode = FALSE
	EndGlobalSection
	GlobalSection(ExtensibilityGlobals) = postSolution
		SolutionGuid = {008F2DF8-3A08-44BF-8661-4E4C0560AA0A}
	EndGlobalSection
EndGlobal
